
Microsoft Visual Studio Solution File, Format Version 12.00
# Visual Studio 15
VisualStudioVersion = 15.0.27924.0
MinimumVisualStudioVersion = 10.0.40219.1
Project("{FAE04EC0-301F-11D3-BF4B-00C04F79EFBC}") = "Testing", "Testing\Testing.csproj", "{2520B94A-E126-4C50-929F-64FFA75C70F4}"
EndProject
Project("{FAE04EC0-301F-11D3-BF4B-00C04F79EFBC}") = "DOD", "DOD\DOD.csproj", "{6E464778-D5E6-402F-AB22-6923F3C7214C}"
EndProject
Project("{FAE04EC0-301F-11D3-BF4B-00C04F79EFBC}") = "Components", "Components\Components.csproj", "{4F2D812F-99CC-4DAC-9166-94B7465FEA4E}"
EndProject
Global
	GlobalSection(SolutionConfigurationPlatforms) = preSolution
		Debug|Any CPU = Debug|Any CPU
		Release|Any CPU = Release|Any CPU
	EndGlobalSection
	GlobalSection(ProjectConfigurationPlatforms) = postSolution
		{2520B94A-E126-4C50-929F-64FFA75C70F4}.Debug|Any CPU.ActiveCfg = Debug|Any CPU
		{2520B94A-E126-4C50-929F-64FFA75C70F4}.Debug|Any CPU.Build.0 = Debug|Any CPU
		{2520B94A-E126-4C50-929F-64FFA75C70F4}.Release|Any CPU.ActiveCfg = Release|Any CPU
		{2520B94A-E126-4C50-929F-64FFA75C70F4}.Release|Any CPU.Build.0 = Release|Any CPU
		{6E464778-D5E6-402F-AB22-6923F3C7214C}.Debug|Any CPU.ActiveCfg = Debug|Any CPU
		{6E464778-D5E6-402F-AB22-6923F3C7214C}.Debug|Any CPU.Build.0 = Debug|Any CPU
		{6E464778-D5E6-402F-AB22-6923F3C7214C}.Release|Any CPU.ActiveCfg = Release|Any CPU
		{6E464778-D5E6-402F-AB22-6923F3C7214C}.Release|Any CPU.Build.0 = Release|Any CPU
		{4F2D812F-99CC-4DAC-9166-94B7465FEA4E}.Debug|Any CPU.ActiveCfg = Debug|Any CPU
		{4F2D812F-99CC-4DAC-9166-94B7465FEA4E}.Debug|Any CPU.Build.0 = Debug|Any CPU
		{4F2D812F-99CC-4DAC-9166-94B7465FEA4E}.Release|Any CPU.ActiveCfg = Release|Any CPU
		{4F2D812F-99CC-4DAC-9166-94B7465FEA4E}.Release|Any CPU.Build.0 = Release|Any CPU
	EndGlobalSection
	GlobalSection(SolutionProperties) = preSolution
		HideSolutionNode = FALSE
	EndGlobalSection
	GlobalSection(ExtensibilityGlobals) = postSolution
		SolutionGuid = {1162D8AE-9037-4BFF-BE7F-EFBF2E191D7E}
	EndGlobalSection
EndGlobal
