
Microsoft Visual Studio Solution File, Format Version 12.00
# Visual Studio 15
VisualStudioVersion = 15.0.27924.0
MinimumVisualStudioVersion = 10.0.40219.1
Project("{9A19103F-16F7-4668-BE54-9A1E7A4F7556}") = "Testing", "Testing\Testing.csproj", "{2520B94A-E126-4C50-929F-64FFA75C70F4}"
EndProject
Project("{9A19103F-16F7-4668-BE54-9A1E7A4F7556}") = "DOD", "DOD\DOD.csproj", "{6E464778-D5E6-402F-AB22-6923F3C7214C}"
EndProject
Project("{9A19103F-16F7-4668-BE54-9A1E7A4F7556}") = "Components", "Components\Components.csproj", "{4F2D812F-99CC-4DAC-9166-94B7465FEA4E}"
EndProject
Project("{FAE04EC0-301F-11D3-BF4B-00C04F79EFBC}") = "GodRust", "GodRust\GodRust.csproj", "{C16F5F4C-285C-4590-A130-20A90FB178C9}"
EndProject
Project("{9A19103F-16F7-4668-BE54-9A1E7A4F7556}") = "RxDOD", "RxDOD\RxDOD.csproj", "{3EC4F439-8390-4D1A-B2FD-2F5E4A3EEC50}"
EndProject
Project("{FAE04EC0-301F-11D3-BF4B-00C04F79EFBC}") = "Nez", "Nez\Nez.Portable\Nez.csproj", "{60B7197D-D0D5-405C-90A2-A56903E9B039}"
EndProject
Project("{9A19103F-16F7-4668-BE54-9A1E7A4F7556}") = "GodRustStandard", "GodRustStandard\GodRustStandard.csproj", "{37E96FDB-5458-4119-B2F9-18506CB9D49C}"
EndProject
Project("{FAE04EC0-301F-11D3-BF4B-00C04F79EFBC}") = "Nez.PipelineImporter", "Nez\Nez.PipelineImporter\Nez.PipelineImporter.csproj", "{63E831F4-B847-4150-B5AF-CBE059EE27B8}"
EndProject
Project("{6EC3EE1D-3C4E-46DD-8F32-0CC8E7565705}") = "DODFS", "DODFS\DODFS.fsproj", "{B40AD40D-3DD0-4EBB-9BB5-271C56B5C8BF}"
EndProject
Project("{FAE04EC0-301F-11D3-BF4B-00C04F79EFBC}") = "REPL", "REPL\REPL.csproj", "{58E2F1CC-D5BB-4673-BB54-A522B6582E5C}"
EndProject
Global
	GlobalSection(SolutionConfigurationPlatforms) = preSolution
		Debug|Any CPU = Debug|Any CPU
		Release|Any CPU = Release|Any CPU
	EndGlobalSection
	GlobalSection(ProjectConfigurationPlatforms) = postSolution
		{2520B94A-E126-4C50-929F-64FFA75C70F4}.Debug|Any CPU.ActiveCfg = Debug|Any CPU
		{2520B94A-E126-4C50-929F-64FFA75C70F4}.Debug|Any CPU.Build.0 = Debug|Any CPU
		{2520B94A-E126-4C50-929F-64FFA75C70F4}.Release|Any CPU.ActiveCfg = Release|Any CPU
		{2520B94A-E126-4C50-929F-64FFA75C70F4}.Release|Any CPU.Build.0 = Release|Any CPU
		{6E464778-D5E6-402F-AB22-6923F3C7214C}.Debug|Any CPU.ActiveCfg = Debug|Any CPU
		{6E464778-D5E6-402F-AB22-6923F3C7214C}.Debug|Any CPU.Build.0 = Debug|Any CPU
		{6E464778-D5E6-402F-AB22-6923F3C7214C}.Release|Any CPU.ActiveCfg = Release|Any CPU
		{6E464778-D5E6-402F-AB22-6923F3C7214C}.Release|Any CPU.Build.0 = Release|Any CPU
		{4F2D812F-99CC-4DAC-9166-94B7465FEA4E}.Debug|Any CPU.ActiveCfg = Debug|Any CPU
		{4F2D812F-99CC-4DAC-9166-94B7465FEA4E}.Debug|Any CPU.Build.0 = Debug|Any CPU
		{4F2D812F-99CC-4DAC-9166-94B7465FEA4E}.Release|Any CPU.ActiveCfg = Release|Any CPU
		{4F2D812F-99CC-4DAC-9166-94B7465FEA4E}.Release|Any CPU.Build.0 = Release|Any CPU
		{C16F5F4C-285C-4590-A130-20A90FB178C9}.Debug|Any CPU.ActiveCfg = Debug|Any CPU
		{C16F5F4C-285C-4590-A130-20A90FB178C9}.Debug|Any CPU.Build.0 = Debug|Any CPU
		{C16F5F4C-285C-4590-A130-20A90FB178C9}.Release|Any CPU.ActiveCfg = Release|Any CPU
		{C16F5F4C-285C-4590-A130-20A90FB178C9}.Release|Any CPU.Build.0 = Release|Any CPU
		{3EC4F439-8390-4D1A-B2FD-2F5E4A3EEC50}.Debug|Any CPU.ActiveCfg = Debug|Any CPU
		{3EC4F439-8390-4D1A-B2FD-2F5E4A3EEC50}.Debug|Any CPU.Build.0 = Debug|Any CPU
		{3EC4F439-8390-4D1A-B2FD-2F5E4A3EEC50}.Release|Any CPU.ActiveCfg = Release|Any CPU
		{3EC4F439-8390-4D1A-B2FD-2F5E4A3EEC50}.Release|Any CPU.Build.0 = Release|Any CPU
		{60B7197D-D0D5-405C-90A2-A56903E9B039}.Debug|Any CPU.ActiveCfg = Debug|Any CPU
		{60B7197D-D0D5-405C-90A2-A56903E9B039}.Debug|Any CPU.Build.0 = Debug|Any CPU
		{60B7197D-D0D5-405C-90A2-A56903E9B039}.Release|Any CPU.ActiveCfg = Release|Any CPU
		{60B7197D-D0D5-405C-90A2-A56903E9B039}.Release|Any CPU.Build.0 = Release|Any CPU
		{37E96FDB-5458-4119-B2F9-18506CB9D49C}.Debug|Any CPU.ActiveCfg = Debug|Any CPU
		{37E96FDB-5458-4119-B2F9-18506CB9D49C}.Debug|Any CPU.Build.0 = Debug|Any CPU
		{37E96FDB-5458-4119-B2F9-18506CB9D49C}.Release|Any CPU.ActiveCfg = Release|Any CPU
		{37E96FDB-5458-4119-B2F9-18506CB9D49C}.Release|Any CPU.Build.0 = Release|Any CPU
		{63E831F4-B847-4150-B5AF-CBE059EE27B8}.Debug|Any CPU.ActiveCfg = Debug|Any CPU
		{63E831F4-B847-4150-B5AF-CBE059EE27B8}.Debug|Any CPU.Build.0 = Debug|Any CPU
		{63E831F4-B847-4150-B5AF-CBE059EE27B8}.Release|Any CPU.ActiveCfg = Release|Any CPU
		{63E831F4-B847-4150-B5AF-CBE059EE27B8}.Release|Any CPU.Build.0 = Release|Any CPU
		{B40AD40D-3DD0-4EBB-9BB5-271C56B5C8BF}.Debug|Any CPU.ActiveCfg = Debug|Any CPU
		{B40AD40D-3DD0-4EBB-9BB5-271C56B5C8BF}.Debug|Any CPU.Build.0 = Debug|Any CPU
		{B40AD40D-3DD0-4EBB-9BB5-271C56B5C8BF}.Release|Any CPU.ActiveCfg = Release|Any CPU
		{B40AD40D-3DD0-4EBB-9BB5-271C56B5C8BF}.Release|Any CPU.Build.0 = Release|Any CPU
		{58E2F1CC-D5BB-4673-BB54-A522B6582E5C}.Debug|Any CPU.ActiveCfg = Debug|Any CPU
		{58E2F1CC-D5BB-4673-BB54-A522B6582E5C}.Debug|Any CPU.Build.0 = Debug|Any CPU
		{58E2F1CC-D5BB-4673-BB54-A522B6582E5C}.Release|Any CPU.ActiveCfg = Release|Any CPU
		{58E2F1CC-D5BB-4673-BB54-A522B6582E5C}.Release|Any CPU.Build.0 = Release|Any CPU
	EndGlobalSection
	GlobalSection(SolutionProperties) = preSolution
		HideSolutionNode = FALSE
	EndGlobalSection
	GlobalSection(ExtensibilityGlobals) = postSolution
		SolutionGuid = {1162D8AE-9037-4BFF-BE7F-EFBF2E191D7E}
	EndGlobalSection
EndGlobal
